
Microsoft Visual Studio Solution File, Format Version 12.00
# Visual Studio Version 17
VisualStudioVersion = 17.9.34622.214
MinimumVisualStudioVersion = 10.0.40219.1
Project("{FAE04EC0-301F-11D3-BF4B-00C04F79EFBC}") = "GranolaSaleProject", "GranolaSaleProject\GranolaSaleProject.csproj", "{FBEBEE84-D8B8-4F39-B2E3-D1906C51C26C}"
EndProject
Global
	GlobalSection(SolutionConfigurationPlatforms) = preSolution
		Debug|Any CPU = Debug|Any CPU
		Release|Any CPU = Release|Any CPU
	EndGlobalSection
	GlobalSection(ProjectConfigurationPlatforms) = postSolution
		{FBEBEE84-D8B8-4F39-B2E3-D1906C51C26C}.Debug|Any CPU.ActiveCfg = Debug|Any CPU
		{FBEBEE84-D8B8-4F39-B2E3-D1906C51C26C}.Debug|Any CPU.Build.0 = Debug|Any CPU
		{FBEBEE84-D8B8-4F39-B2E3-D1906C51C26C}.Release|Any CPU.ActiveCfg = Release|Any CPU
		{FBEBEE84-D8B8-4F39-B2E3-D1906C51C26C}.Release|Any CPU.Build.0 = Release|Any CPU
	EndGlobalSection
	GlobalSection(SolutionProperties) = preSolution
		HideSolutionNode = FALSE
	EndGlobalSection
	GlobalSection(ExtensibilityGlobals) = postSolution
		SolutionGuid = {4FC32E2B-0B14-46F7-8A55-7E9667E77590}
	EndGlobalSection
EndGlobal
